# THIS IS AN AUTOGENERATED FILE. DO NOT EDIT THIS FILE DIRECTLY.
# yarn lockfile v1


"@persea/persea@^0.1.6":
  version "0.1.6"
  resolved "https://registry.yarnpkg.com/@persea/persea/-/persea-0.1.6.tgz#ab522c9d13f48f8e8159a775e8db71898049e1da"
  integrity sha512-kiN1kfd//j0cfOuLNpxbgruPr0ZTBNphRpWOew3dG3bqKCOzPuMNICIp8se/35yzL6Bt0yO5NKkRPhJh9aqjpQ==
